// !$*UTF8*$!
{
	archiveVersion = 1;
	classes = {
	};
	objectVersion = 50;
	objects = {

/* Begin PBXBuildFile section */
		A017C65D23F0F6EC00106CC7 /* AppDelegate.swift in Sources */ = {isa = PBXBuildFile; fileRef = A017C65C23F0F6EC00106CC7 /* AppDelegate.swift */; };
		A017C65F23F0F6EC00106CC7 /* SceneDelegate.swift in Sources */ = {isa = PBXBuildFile; fileRef = A017C65E23F0F6EC00106CC7 /* SceneDelegate.swift */; };
		A017C66123F0F6EC00106CC7 /* ViewController.swift in Sources */ = {isa = PBXBuildFile; fileRef = A017C66023F0F6EC00106CC7 /* ViewController.swift */; };
		A017C66423F0F6EC00106CC7 /* Main.storyboard in Resources */ = {isa = PBXBuildFile; fileRef = A017C66223F0F6EC00106CC7 /* Main.storyboard */; };
		A017C66623F0F6EF00106CC7 /* Assets.xcassets in Resources */ = {isa = PBXBuildFile; fileRef = A017C66523F0F6EF00106CC7 /* Assets.xcassets */; };
		A017C66923F0F6EF00106CC7 /* LaunchScreen.storyboard in Resources */ = {isa = PBXBuildFile; fileRef = A017C66723F0F6EF00106CC7 /* LaunchScreen.storyboard */; };
		A017C67423F0F6F000106CC7 /* TwitterTests.swift in Sources */ = {isa = PBXBuildFile; fileRef = A017C67323F0F6F000106CC7 /* TwitterTests.swift */; };
		A017C67F23F0F6F000106CC7 /* TwitterUITests.swift in Sources */ = {isa = PBXBuildFile; fileRef = A017C67E23F0F6F000106CC7 /* TwitterUITests.swift */; };
/* End PBXBuildFile section */

/* Begin PBXContainerItemProxy section */
		A017C67023F0F6F000106CC7 /* PBXContainerItemProxy */ = {
			isa = PBXContainerItemProxy;
			containerPortal = A017C65123F0F6EC00106CC7 /* Project object */;
			proxyType = 1;
			remoteGlobalIDString = A017C65823F0F6EC00106CC7;
			remoteInfo = Twitter;
		};
		A017C67B23F0F6F000106CC7 /* PBXContainerItemProxy */ = {
			isa = PBXContainerItemProxy;
			containerPortal = A017C65123F0F6EC00106CC7 /* Project object */;
			proxyType = 1;
			remoteGlobalIDString = A017C65823F0F6EC00106CC7;
			remoteInfo = Twitter;
		};
/* End PBXContainerItemProxy section */

/* Begin PBXFileReference section */
		A017C65923F0F6EC00106CC7 /* Twitter.app */ = {isa = PBXFileReference; explicitFileType = wrapper.application; includeInIndex = 0; path = Twitter.app; sourceTree = BUILT_PRODUCTS_DIR; };
		A017C65C23F0F6EC00106CC7 /* AppDelegate.swift */ = {isa = PBXFileReference; lastKnownFileType = sourcecode.swift; path = AppDelegate.swift; sourceTree = "<group>"; };
		A017C65E23F0F6EC00106CC7 /* SceneDelegate.swift */ = {isa = PBXFileReference; lastKnownFileType = sourcecode.swift; path = SceneDelegate.swift; sourceTree = "<group>"; };
		A017C66023F0F6EC00106CC7 /* ViewController.swift */ = {isa = PBXFileReference; lastKnownFileType = sourcecode.swift; path = ViewController.swift; sourceTree = "<group>"; };
		A017C66323F0F6EC00106CC7 /* Base */ = {isa = PBXFileReference; lastKnownFileType = file.storyboard; name = Base; path = Base.lproj/Main.storyboard; sourceTree = "<group>"; };
		A017C66523F0F6EF00106CC7 /* Assets.xcassets */ = {isa = PBXFileReference; lastKnownFileType = folder.assetcatalog; path = Assets.xcassets; sourceTree = "<group>"; };
		A017C66823F0F6EF00106CC7 /* Base */ = {isa = PBXFileReference; lastKnownFileType = file.storyboard; name = Base; path = Base.lproj/LaunchScreen.storyboard; sourceTree = "<group>"; };
		A017C66A23F0F6EF00106CC7 /* Info.plist */ = {isa = PBXFileReference; lastKnownFileType = text.plist.xml; path = Info.plist; sourceTree = "<group>"; };
		A017C66F23F0F6F000106CC7 /* TwitterTests.xctest */ = {isa = PBXFileReference; explicitFileType = wrapper.cfbundle; includeInIndex = 0; path = TwitterTests.xctest; sourceTree = BUILT_PRODUCTS_DIR; };
		A017C67323F0F6F000106CC7 /* TwitterTests.swift */ = {isa = PBXFileReference; lastKnownFileType = sourcecode.swift; path = TwitterTests.swift; sourceTree = "<group>"; };
		A017C67523F0F6F000106CC7 /* Info.plist */ = {isa = PBXFileReference; lastKnownFileType = text.plist.xml; path = Info.plist; sourceTree = "<group>"; };
		A017C67A23F0F6F000106CC7 /* TwitterUITests.xctest */ = {isa = PBXFileReference; explicitFileType = wrapper.cfbundle; includeInIndex = 0; path = TwitterUITests.xctest; sourceTree = BUILT_PRODUCTS_DIR; };
		A017C67E23F0F6F000106CC7 /* TwitterUITests.swift */ = {isa = PBXFileReference; lastKnownFileType = sourcecode.swift; path = TwitterUITests.swift; sourceTree = "<group>"; };
		A017C68023F0F6F000106CC7 /* Info.plist */ = {isa = PBXFileReference; lastKnownFileType = text.plist.xml; path = Info.plist; sourceTree = "<group>"; };
/* End PBXFileReference section */

/* Begin PBXFrameworksBuildPhase section */
		A017C65623F0F6EC00106CC7 /* Frameworks */ = {
			isa = PBXFrameworksBuildPhase;
			buildActionMask = 2147483647;
			files = (
			);
			runOnlyForDeploymentPostprocessing = 0;
		};
		A017C66C23F0F6F000106CC7 /* Frameworks */ = {
			isa = PBXFrameworksBuildPhase;
			buildActionMask = 2147483647;
			files = (
			);
			runOnlyForDeploymentPostprocessing = 0;
		};
		A017C67723F0F6F000106CC7 /* Frameworks */ = {
			isa = PBXFrameworksBuildPhase;
			buildActionMask = 2147483647;
			files = (
			);
			runOnlyForDeploymentPostprocessing = 0;
		};
/* End PBXFrameworksBuildPhase section */

/* Begin PBXGroup section */
		A017C65023F0F6EC00106CC7 = {
			isa = PBXGroup;
			children = (
				A017C65B23F0F6EC00106CC7 /* Twitter */,
				A017C67223F0F6F000106CC7 /* TwitterTests */,
				A017C67D23F0F6F000106CC7 /* TwitterUITests */,
				A017C65A23F0F6EC00106CC7 /* Products */,
			);
			sourceTree = "<group>";
		};
		A017C65A23F0F6EC00106CC7 /* Products */ = {
			isa = PBXGroup;
			children = (
				A017C65923F0F6EC00106CC7 /* Twitter.app */,
				A017C66F23F0F6F000106CC7 /* TwitterTests.xctest */,
				A017C67A23F0F6F000106CC7 /* TwitterUITests.xctest */,
			);
			name = Products;
			sourceTree = "<group>";
		};
		A017C65B23F0F6EC00106CC7 /* Twitter */ = {
			isa = PBXGroup;
			children = (
				A017C65C23F0F6EC00106CC7 /* AppDelegate.swift */,
				A017C65E23F0F6EC00106CC7 /* SceneDelegate.swift */,
				A017C66023F0F6EC00106CC7 /* ViewController.swift */,
				A017C66223F0F6EC00106CC7 /* Main.storyboard */,
				A017C66523F0F6EF00106CC7 /* Assets.xcassets */,
				A017C66723F0F6EF00106CC7 /* LaunchScreen.storyboard */,
				A017C66A23F0F6EF00106CC7 /* Info.plist */,
			);
			path = Twitter;
			sourceTree = "<group>";
		};
		A017C67223F0F6F000106CC7 /* TwitterTests */ = {
			isa = PBXGroup;
			children = (
				A017C67323F0F6F000106CC7 /* TwitterTests.swift */,
				A017C67523F0F6F000106CC7 /* Info.plist */,
			);
			path = TwitterTests;
			sourceTree = "<group>";
		};
		A017C67D23F0F6F000106CC7 /* TwitterUITests */ = {
			isa = PBXGroup;
			children = (
				A017C67E23F0F6F000106CC7 /* TwitterUITests.swift */,
				A017C68023F0F6F000106CC7 /* Info.plist */,
			);
			path = TwitterUITests;
			sourceTree = "<group>";
		};
/* End PBXGroup section */

/* Begin PBXNativeTarget section */
		A017C65823F0F6EC00106CC7 /* Twitter */ = {
			isa = PBXNativeTarget;
			buildConfigurationList = A017C68323F0F6F000106CC7 /* Build configuration list for PBXNativeTarget "Twitter" */;
			buildPhases = (
				A017C65523F0F6EC00106CC7 /* Sources */,
				A017C65623F0F6EC00106CC7 /* Frameworks */,
				A017C65723F0F6EC00106CC7 /* Resources */,
			);
			buildRules = (
			);
			dependencies = (
			);
			name = Twitter;
			productName = Twitter;
			productReference = A017C65923F0F6EC00106CC7 /* Twitter.app */;
			productType = "com.apple.product-type.application";
		};
		A017C66E23F0F6F000106CC7 /* TwitterTests */ = {
			isa = PBXNativeTarget;
			buildConfigurationList = A017C68623F0F6F000106CC7 /* Build configuration list for PBXNativeTarget "TwitterTests" */;
			buildPhases = (
				A017C66B23F0F6F000106CC7 /* Sources */,
				A017C66C23F0F6F000106CC7 /* Frameworks */,
				A017C66D23F0F6F000106CC7 /* Resources */,
			);
			buildRules = (
			);
			dependencies = (
				A017C67123F0F6F000106CC7 /* PBXTargetDependency */,
			);
			name = TwitterTests;
			productName = TwitterTests;
			productReference = A017C66F23F0F6F000106CC7 /* TwitterTests.xctest */;
			productType = "com.apple.product-type.bundle.unit-test";
		};
		A017C67923F0F6F000106CC7 /* TwitterUITests */ = {
			isa = PBXNativeTarget;
			buildConfigurationList = A017C68923F0F6F000106CC7 /* Build configuration list for PBXNativeTarget "TwitterUITests" */;
			buildPhases = (
				A017C67623F0F6F000106CC7 /* Sources */,
				A017C67723F0F6F000106CC7 /* Frameworks */,
				A017C67823F0F6F000106CC7 /* Resources */,
			);
			buildRules = (
			);
			dependencies = (
				A017C67C23F0F6F000106CC7 /* PBXTargetDependency */,
			);
			name = TwitterUITests;
			productName = TwitterUITests;
			productReference = A017C67A23F0F6F000106CC7 /* TwitterUITests.xctest */;
			productType = "com.apple.product-type.bundle.ui-testing";
		};
/* End PBXNativeTarget section */

/* Begin PBXProject section */
		A017C65123F0F6EC00106CC7 /* Project object */ = {
			isa = PBXProject;
			attributes = {
				LastSwiftUpdateCheck = 1130;
				LastUpgradeCheck = 1130;
				ORGANIZATIONNAME = "Sreekara Yachamaneni";
				TargetAttributes = {
					A017C65823F0F6EC00106CC7 = {
						CreatedOnToolsVersion = 11.3.1;
					};
					A017C66E23F0F6F000106CC7 = {
						CreatedOnToolsVersion = 11.3.1;
						TestTargetID = A017C65823F0F6EC00106CC7;
					};
					A017C67923F0F6F000106CC7 = {
						CreatedOnToolsVersion = 11.3.1;
						TestTargetID = A017C65823F0F6EC00106CC7;
					};
				};
			};
			buildConfigurationList = A017C65423F0F6EC00106CC7 /* Build configuration list for PBXProject "Twitter" */;
			compatibilityVersion = "Xcode 9.3";
			developmentRegion = en;
			hasScannedForEncodings = 0;
			knownRegions = (
				en,
				Base,
			);
			mainGroup = A017C65023F0F6EC00106CC7;
			productRefGroup = A017C65A23F0F6EC00106CC7 /* Products */;
			projectDirPath = "";
			projectRoot = "";
			targets = (
				A017C65823F0F6EC00106CC7 /* Twitter */,
				A017C66E23F0F6F000106CC7 /* TwitterTests */,
				A017C67923F0F6F000106CC7 /* TwitterUITests */,
			);
		};
/* End PBXProject section */

/* Begin PBXResourcesBuildPhase section */
		A017C65723F0F6EC00106CC7 /* Resources */ = {
			isa = PBXResourcesBuildPhase;
			buildActionMask = 2147483647;
			files = (
				A017C66923F0F6EF00106CC7 /* LaunchScreen.storyboard in Resources */,
				A017C66623F0F6EF00106CC7 /* Assets.xcassets in Resources */,
				A017C66423F0F6EC00106CC7 /* Main.storyboard in Resources */,
			);
			runOnlyForDeploymentPostprocessing = 0;
		};
		A017C66D23F0F6F000106CC7 /* Resources */ = {
			isa = PBXResourcesBuildPhase;
			buildActionMask = 2147483647;
			files = (
			);
			runOnlyForDeploymentPostprocessing = 0;
		};
		A017C67823F0F6F000106CC7 /* Resources */ = {
			isa = PBXResourcesBuildPhase;
			buildActionMask = 2147483647;
			files = (
			);
			runOnlyForDeploymentPostprocessing = 0;
		};
/* End PBXResourcesBuildPhase section */

/* Begin PBXSourcesBuildPhase section */
		A017C65523F0F6EC00106CC7 /* Sources */ = {
			isa = PBXSourcesBuildPhase;
			buildActionMask = 2147483647;
			files = (
				A017C66123F0F6EC00106CC7 /* ViewController.swift in Sources */,
				A017C65D23F0F6EC00106CC7 /* AppDelegate.swift in Sources */,
				A017C65F23F0F6EC00106CC7 /* SceneDelegate.swift in Sources */,
			);
			runOnlyForDeploymentPostprocessing = 0;
		};
		A017C66B23F0F6F000106CC7 /* Sources */ = {
			isa = PBXSourcesBuildPhase;
			buildActionMask = 2147483647;
			files = (
				A017C67423F0F6F000106CC7 /* TwitterTests.swift in Sources */,
			);
			runOnlyForDeploymentPostprocessing = 0;
		};
		A017C67623F0F6F000106CC7 /* Sources */ = {
			isa = PBXSourcesBuildPhase;
			buildActionMask = 2147483647;
			files = (
				A017C67F23F0F6F000106CC7 /* TwitterUITests.swift in Sources */,
			);
			runOnlyForDeploymentPostprocessing = 0;
		};
/* End PBXSourcesBuildPhase section */

/* Begin PBXTargetDependency section */
		A017C67123F0F6F000106CC7 /* PBXTargetDependency */ = {
			isa = PBXTargetDependency;
			target = A017C65823F0F6EC00106CC7 /* Twitter */;
			targetProxy = A017C67023F0F6F000106CC7 /* PBXContainerItemProxy */;
		};
		A017C67C23F0F6F000106CC7 /* PBXTargetDependency */ = {
			isa = PBXTargetDependency;
			target = A017C65823F0F6EC00106CC7 /* Twitter */;
			targetProxy = A017C67B23F0F6F000106CC7 /* PBXContainerItemProxy */;
		};
/* End PBXTargetDependency section */

/* Begin PBXVariantGroup section */
		A017C66223F0F6EC00106CC7 /* Main.storyboard */ = {
			isa = PBXVariantGroup;
			children = (
				A017C66323F0F6EC00106CC7 /* Base */,
			);
			name = Main.storyboard;
			sourceTree = "<group>";
		};
		A017C66723F0F6EF00106CC7 /* LaunchScreen.storyboard */ = {
			isa = PBXVariantGroup;
			children = (
				A017C66823F0F6EF00106CC7 /* Base */,
			);
			name = LaunchScreen.storyboard;
			sourceTree = "<group>";
		};
/* End PBXVariantGroup section */

/* Begin XCBuildConfiguration section */
		A017C68123F0F6F000106CC7 /* Debug */ = {
			isa = XCBuildConfiguration;
			buildSettings = {
				ALWAYS_SEARCH_USER_PATHS = NO;
				CLANG_ANALYZER_NONNULL = YES;
				CLANG_ANALYZER_NUMBER_OBJECT_CONVERSION = YES_AGGRESSIVE;
				CLANG_CXX_LANGUAGE_STANDARD = "gnu++14";
				CLANG_CXX_LIBRARY = "libc++";
				CLANG_ENABLE_MODULES = YES;
				CLANG_ENABLE_OBJC_ARC = YES;
				CLANG_ENABLE_OBJC_WEAK = YES;
				CLANG_WARN_BLOCK_CAPTURE_AUTORELEASING = YES;
				CLANG_WARN_BOOL_CONVERSION = YES;
				CLANG_WARN_COMMA = YES;
				CLANG_WARN_CONSTANT_CONVERSION = YES;
				CLANG_WARN_DEPRECATED_OBJC_IMPLEMENTATIONS = YES;
				CLANG_WARN_DIRECT_OBJC_ISA_USAGE = YES_ERROR;
				CLANG_WARN_DOCUMENTATION_COMMENTS = YES;
				CLANG_WARN_EMPTY_BODY = YES;
				CLANG_WARN_ENUM_CONVERSION = YES;
				CLANG_WARN_INFINITE_RECURSION = YES;
				CLANG_WARN_INT_CONVERSION = YES;
				CLANG_WARN_NON_LITERAL_NULL_CONVERSION = YES;
				CLANG_WARN_OBJC_IMPLICIT_RETAIN_SELF = YES;
				CLANG_WARN_OBJC_LITERAL_CONVERSION = YES;
				CLANG_WARN_OBJC_ROOT_CLASS = YES_ERROR;
				CLANG_WARN_RANGE_LOOP_ANALYSIS = YES;
				CLANG_WARN_STRICT_PROTOTYPES = YES;
				CLANG_WARN_SUSPICIOUS_MOVE = YES;
				CLANG_WARN_UNGUARDED_AVAILABILITY = YES_AGGRESSIVE;
				CLANG_WARN_UNREACHABLE_CODE = YES;
				CLANG_WARN__DUPLICATE_METHOD_MATCH = YES;
				COPY_PHASE_STRIP = NO;
				DEBUG_INFORMATION_FORMAT = dwarf;
				ENABLE_STRICT_OBJC_MSGSEND = YES;
				ENABLE_TESTABILITY = YES;
				GCC_C_LANGUAGE_STANDARD = gnu11;
				GCC_DYNAMIC_NO_PIC = NO;
				GCC_NO_COMMON_BLOCKS = YES;
				GCC_OPTIMIZATION_LEVEL = 0;
				GCC_PREPROCESSOR_DEFINITIONS = (
					"DEBUG=1",
					"$(inherited)",
				);
				GCC_WARN_64_TO_32_BIT_CONVERSION = YES;
				GCC_WARN_ABOUT_RETURN_TYPE = YES_ERROR;
				GCC_WARN_UNDECLARED_SELECTOR = YES;
				GCC_WARN_UNINITIALIZED_AUTOS = YES_AGGRESSIVE;
				GCC_WARN_UNUSED_FUNCTION = YES;
				GCC_WARN_UNUSED_VARIABLE = YES;
				IPHONEOS_DEPLOYMENT_TARGET = 13.2;
				MTL_ENABLE_DEBUG_INFO = INCLUDE_SOURCE;
				MTL_FAST_MATH = YES;
				ONLY_ACTIVE_ARCH = YES;
				SDKROOT = iphoneos;
				SWIFT_ACTIVE_COMPILATION_CONDITIONS = DEBUG;
				SWIFT_OPTIMIZATION_LEVEL = "-Onone";
			};
			name = Debug;
		};
		A017C68223F0F6F000106CC7 /* Release */ = {
			isa = XCBuildConfiguration;
			buildSettings = {
				ALWAYS_SEARCH_USER_PATHS = NO;
				CLANG_ANALYZER_NONNULL = YES;
				CLANG_ANALYZER_NUMBER_OBJECT_CONVERSION = YES_AGGRESSIVE;
				CLANG_CXX_LANGUAGE_STANDARD = "gnu++14";
				CLANG_CXX_LIBRARY = "libc++";
				CLANG_ENABLE_MODULES = YES;
				CLANG_ENABLE_OBJC_ARC = YES;
				CLANG_ENABLE_OBJC_WEAK = YES;
				CLANG_WARN_BLOCK_CAPTURE_AUTORELEASING = YES;
				CLANG_WARN_BOOL_CONVERSION = YES;
				CLANG_WARN_COMMA = YES;
				CLANG_WARN_CONSTANT_CONVERSION = YES;
				CLANG_WARN_DEPRECATED_OBJC_IMPLEMENTATIONS = YES;
				CLANG_WARN_DIRECT_OBJC_ISA_USAGE = YES_ERROR;
				CLANG_WARN_DOCUMENTATION_COMMENTS = YES;
				CLANG_WARN_EMPTY_BODY = YES;
				CLANG_WARN_ENUM_CONVERSION = YES;
				CLANG_WARN_INFINITE_RECURSION = YES;
				CLANG_WARN_INT_CONVERSION = YES;
				CLANG_WARN_NON_LITERAL_NULL_CONVERSION = YES;
				CLANG_WARN_OBJC_IMPLICIT_RETAIN_SELF = YES;
				CLANG_WARN_OBJC_LITERAL_CONVERSION = YES;
				CLANG_WARN_OBJC_ROOT_CLASS = YES_ERROR;
				CLANG_WARN_RANGE_LOOP_ANALYSIS = YES;
				CLANG_WARN_STRICT_PROTOTYPES = YES;
				CLANG_WARN_SUSPICIOUS_MOVE = YES;
				CLANG_WARN_UNGUARDED_AVAILABILITY = YES_AGGRESSIVE;
				CLANG_WARN_UNREACHABLE_CODE = YES;
				CLANG_WARN__DUPLICATE_METHOD_MATCH = YES;
				COPY_PHASE_STRIP = NO;
				DEBUG_INFORMATION_FORMAT = "dwarf-with-dsym";
				ENABLE_NS_ASSERTIONS = NO;
				ENABLE_STRICT_OBJC_MSGSEND = YES;
				GCC_C_LANGUAGE_STANDARD = gnu11;
				GCC_NO_COMMON_BLOCKS = YES;
				GCC_WARN_64_TO_32_BIT_CONVERSION = YES;
				GCC_WARN_ABOUT_RETURN_TYPE = YES_ERROR;
				GCC_WARN_UNDECLARED_SELECTOR = YES;
				GCC_WARN_UNINITIALIZED_AUTOS = YES_AGGRESSIVE;
				GCC_WARN_UNUSED_FUNCTION = YES;
				GCC_WARN_UNUSED_VARIABLE = YES;
				IPHONEOS_DEPLOYMENT_TARGET = 13.2;
				MTL_ENABLE_DEBUG_INFO = NO;
				MTL_FAST_MATH = YES;
				SDKROOT = iphoneos;
				SWIFT_COMPILATION_MODE = wholemodule;
				SWIFT_OPTIMIZATION_LEVEL = "-O";
				VALIDATE_PRODUCT = YES;
			};
			name = Release;
		};
		A017C68423F0F6F000106CC7 /* Debug */ = {
			isa = XCBuildConfiguration;
			buildSettings = {
				ASSETCATALOG_COMPILER_APPICON_NAME = AppIcon;
				CODE_SIGN_STYLE = Automatic;
				INFOPLIST_FILE = Twitter/Info.plist;
				LD_RUNPATH_SEARCH_PATHS = (
					"$(inherited)",
					"@executable_path/Frameworks",
				);
				PRODUCT_BUNDLE_IDENTIFIER = com.sreekara.Twitter;
				PRODUCT_NAME = "$(TARGET_NAME)";
				SWIFT_VERSION = 5.0;
				TARGETED_DEVICE_FAMILY = "1,2";
			};
			name = Debug;
		};
		A017C68523F0F6F000106CC7 /* Release */ = {
			isa = XCBuildConfiguration;
			buildSettings = {
				ASSETCATALOG_COMPILER_APPICON_NAME = AppIcon;
				CODE_SIGN_STYLE = Automatic;
				INFOPLIST_FILE = Twitter/Info.plist;
				LD_RUNPATH_SEARCH_PATHS = (
					"$(inherited)",
					"@executable_path/Frameworks",
				);
				PRODUCT_BUNDLE_IDENTIFIER = com.sreekara.Twitter;
				PRODUCT_NAME = "$(TARGET_NAME)";
				SWIFT_VERSION = 5.0;
				TARGETED_DEVICE_FAMILY = "1,2";
			};
			name = Release;
		};
		A017C68723F0F6F000106CC7 /* Debug */ = {
			isa = XCBuildConfiguration;
			buildSettings = {
				ALWAYS_EMBED_SWIFT_STANDARD_LIBRARIES = YES;
				BUNDLE_LOADER = "$(TEST_HOST)";
				CODE_SIGN_STYLE = Automatic;
				INFOPLIST_FILE = TwitterTests/Info.plist;
				IPHONEOS_DEPLOYMENT_TARGET = 13.2;
				LD_RUNPATH_SEARCH_PATHS = (
					"$(inherited)",
					"@executable_path/Frameworks",
					"@loader_path/Frameworks",
				);
				PRODUCT_BUNDLE_IDENTIFIER = com.sreekara.TwitterTests;
				PRODUCT_NAME = "$(TARGET_NAME)";
				SWIFT_VERSION = 5.0;
				TARGETED_DEVICE_FAMILY = "1,2";
				TEST_HOST = "$(BUILT_PRODUCTS_DIR)/Twitter.app/Twitter";
			};
			name = Debug;
		};
		A017C68823F0F6F000106CC7 /* Release */ = {
			isa = XCBuildConfiguration;
			buildSettings = {
				ALWAYS_EMBED_SWIFT_STANDARD_LIBRARIES = YES;
				BUNDLE_LOADER = "$(TEST_HOST)";
				CODE_SIGN_STYLE = Automatic;
				INFOPLIST_FILE = TwitterTests/Info.plist;
				IPHONEOS_DEPLOYMENT_TARGET = 13.2;
				LD_RUNPATH_SEARCH_PATHS = (
					"$(inherited)",
					"@executable_path/Frameworks",
					"@loader_path/Frameworks",
				);
				PRODUCT_BUNDLE_IDENTIFIER = com.sreekara.TwitterTests;
				PRODUCT_NAME = "$(TARGET_NAME)";
				SWIFT_VERSION = 5.0;
				TARGETED_DEVICE_FAMILY = "1,2";
				TEST_HOST = "$(BUILT_PRODUCTS_DIR)/Twitter.app/Twitter";
			};
			name = Release;
		};
		A017C68A23F0F6F000106CC7 /* Debug */ = {
			isa = XCBuildConfiguration;
			buildSettings = {
				ALWAYS_EMBED_SWIFT_STANDARD_LIBRARIES = YES;
				CODE_SIGN_STYLE = Automatic;
				INFOPLIST_FILE = TwitterUITests/Info.plist;
				LD_RUNPATH_SEARCH_PATHS = (
					"$(inherited)",
					"@executable_path/Frameworks",
					"@loader_path/Frameworks",
				);
				PRODUCT_BUNDLE_IDENTIFIER = com.sreekara.TwitterUITests;
				PRODUCT_NAME = "$(TARGET_NAME)";
				SWIFT_VERSION = 5.0;
				TARGETED_DEVICE_FAMILY = "1,2";
				TEST_TARGET_NAME = Twitter;
			};
			name = Debug;
		};
		A017C68B23F0F6F000106CC7 /* Release */ = {
			isa = XCBuildConfiguration;
			buildSettings = {
				ALWAYS_EMBED_SWIFT_STANDARD_LIBRARIES = YES;
				CODE_SIGN_STYLE = Automatic;
				INFOPLIST_FILE = TwitterUITests/Info.plist;
				LD_RUNPATH_SEARCH_PATHS = (
					"$(inherited)",
					"@executable_path/Frameworks",
					"@loader_path/Frameworks",
				);
				PRODUCT_BUNDLE_IDENTIFIER = com.sreekara.TwitterUITests;
				PRODUCT_NAME = "$(TARGET_NAME)";
				SWIFT_VERSION = 5.0;
				TARGETED_DEVICE_FAMILY = "1,2";
				TEST_TARGET_NAME = Twitter;
			};
			name = Release;
		};
/* End XCBuildConfiguration section */

/* Begin XCConfigurationList section */
		A017C65423F0F6EC00106CC7 /* Build configuration list for PBXProject "Twitter" */ = {
			isa = XCConfigurationList;
			buildConfigurations = (
				A017C68123F0F6F000106CC7 /* Debug */,
				A017C68223F0F6F000106CC7 /* Release */,
			);
			defaultConfigurationIsVisible = 0;
			defaultConfigurationName = Release;
		};
		A017C68323F0F6F000106CC7 /* Build configuration list for PBXNativeTarget "Twitter" */ = {
			isa = XCConfigurationList;
			buildConfigurations = (
				A017C68423F0F6F000106CC7 /* Debug */,
				A017C68523F0F6F000106CC7 /* Release */,
			);
			defaultConfigurationIsVisible = 0;
			defaultConfigurationName = Release;
		};
		A017C68623F0F6F000106CC7 /* Build configuration list for PBXNativeTarget "TwitterTests" */ = {
			isa = XCConfigurationList;
			buildConfigurations = (
				A017C68723F0F6F000106CC7 /* Debug */,
				A017C68823F0F6F000106CC7 /* Release */,
			);
			defaultConfigurationIsVisible = 0;
			defaultConfigurationName = Release;
		};
		A017C68923F0F6F000106CC7 /* Build configuration list for PBXNativeTarget "TwitterUITests" */ = {
			isa = XCConfigurationList;
			buildConfigurations = (
				A017C68A23F0F6F000106CC7 /* Debug */,
				A017C68B23F0F6F000106CC7 /* Release */,
			);
			defaultConfigurationIsVisible = 0;
			defaultConfigurationName = Release;
		};
/* End XCConfigurationList section */
	};
	rootObject = A017C65123F0F6EC00106CC7 /* Project object */;
}
